// !$*UTF8*$!
{
	archiveVersion = 1;
	classes = {
	};
	objectVersion = 50;
	objects = {

/* Begin PBXBuildFile section */
		D154CF8B242C6B4D00F724AA /* float_gd_ff_neuron.cpp in Sources */ = {isa = PBXBuildFile; fileRef = D154CF89242C6B4D00F724AA /* float_gd_ff_neuron.cpp */; };
		D154CF8C242C6B4D00F724AA /* gradient_descent.hpp in Headers */ = {isa = PBXBuildFile; fileRef = D154CF8A242C6B4D00F724AA /* gradient_descent.hpp */; };
		D181977624303D4A00635DE4 /* gradient_descent.cpp in Sources */ = {isa = PBXBuildFile; fileRef = D181977524303D4A00635DE4 /* gradient_descent.cpp */; };
		D181977724303D5E00635DE4 /* libUnit Neurons.a in Frameworks */ = {isa = PBXBuildFile; fileRef = D1D1EEB5242B823300ABB056 /* libUnit Neurons.a */; };
		D1D1EEC0242B82AD00ABB056 /* input_output.hpp in Headers */ = {isa = PBXBuildFile; fileRef = D1E0EB3C23FA529C000E3D09 /* input_output.hpp */; };
		D1D1EEC1242B82AD00ABB056 /* kohonen_som.hpp in Headers */ = {isa = PBXBuildFile; fileRef = D17A5EC323F378BF008E31E0 /* kohonen_som.hpp */; };
		D1D1EEC2242B82AD00ABB056 /* unit_neuron.hpp in Headers */ = {isa = PBXBuildFile; fileRef = D123E9E623EDA31F0025C89F /* unit_neuron.hpp */; };
		D1D1EEC3242B82C300ABB056 /* input_output.cpp in Sources */ = {isa = PBXBuildFile; fileRef = D1E0EB3B23FA529C000E3D09 /* input_output.cpp */; };
		D1D1EEC4242B82C300ABB056 /* float_mapping_neuron.cpp in Sources */ = {isa = PBXBuildFile; fileRef = D17A5EC223F378BF008E31E0 /* float_mapping_neuron.cpp */; };
		D1D1EEC5242B82C300ABB056 /* kohonen_som.cpp in Sources */ = {isa = PBXBuildFile; fileRef = D1D1EE9B242B7BF700ABB056 /* kohonen_som.cpp */; };
		D1D1EED1242B840B00ABB056 /* kohonen_som.cpp in Sources */ = {isa = PBXBuildFile; fileRef = D123E9DE23EDA2EF0025C89F /* kohonen_som.cpp */; };
		D1D1EED3242B842500ABB056 /* libUnit Neurons.a in Frameworks */ = {isa = PBXBuildFile; fileRef = D1D1EEB5242B823300ABB056 /* libUnit Neurons.a */; };
		D1E5A29C242EF6F700DFD2F7 /* gradient_descent.cpp in Sources */ = {isa = PBXBuildFile; fileRef = D1E5A29B242EF6F700DFD2F7 /* gradient_descent.cpp */; };
/* End PBXBuildFile section */

/* Begin PBXCopyFilesBuildPhase section */
		D181976C24303D1300635DE4 /* CopyFiles */ = {
			isa = PBXCopyFilesBuildPhase;
			buildActionMask = 2147483647;
			dstPath = /usr/share/man/man1/;
			dstSubfolderSpec = 0;
			files = (
			);
			runOnlyForDeploymentPostprocessing = 1;
		};
		D1D1EEC8242B83F800ABB056 /* CopyFiles */ = {
			isa = PBXCopyFilesBuildPhase;
			buildActionMask = 2147483647;
			dstPath = /usr/share/man/man1/;
			dstSubfolderSpec = 0;
			files = (
			);
			runOnlyForDeploymentPostprocessing = 1;
		};
/* End PBXCopyFilesBuildPhase section */

/* Begin PBXFileReference section */
		D123E9DE23EDA2EF0025C89F /* kohonen_som.cpp */ = {isa = PBXFileReference; lastKnownFileType = sourcecode.cpp.cpp; path = kohonen_som.cpp; sourceTree = "<group>"; };
		D123E9E623EDA31F0025C89F /* unit_neuron.hpp */ = {isa = PBXFileReference; lastKnownFileType = sourcecode.cpp.h; path = unit_neuron.hpp; sourceTree = "<group>"; };
		D154CF89242C6B4D00F724AA /* float_gd_ff_neuron.cpp */ = {isa = PBXFileReference; lastKnownFileType = sourcecode.cpp.cpp; path = float_gd_ff_neuron.cpp; sourceTree = "<group>"; };
		D154CF8A242C6B4D00F724AA /* gradient_descent.hpp */ = {isa = PBXFileReference; lastKnownFileType = sourcecode.cpp.h; path = gradient_descent.hpp; sourceTree = "<group>"; };
		D17A5EC223F378BF008E31E0 /* float_mapping_neuron.cpp */ = {isa = PBXFileReference; lastKnownFileType = sourcecode.cpp.cpp; path = float_mapping_neuron.cpp; sourceTree = "<group>"; };
		D17A5EC323F378BF008E31E0 /* kohonen_som.hpp */ = {isa = PBXFileReference; lastKnownFileType = sourcecode.cpp.h; path = kohonen_som.hpp; sourceTree = "<group>"; };
		D181976E24303D1300635DE4 /* Gradient Descent */ = {isa = PBXFileReference; explicitFileType = "compiled.mach-o.executable"; includeInIndex = 0; path = "Gradient Descent"; sourceTree = BUILT_PRODUCTS_DIR; };
		D181977524303D4A00635DE4 /* gradient_descent.cpp */ = {isa = PBXFileReference; lastKnownFileType = sourcecode.cpp.cpp; path = gradient_descent.cpp; sourceTree = "<group>"; };
		D1D1EE9B242B7BF700ABB056 /* kohonen_som.cpp */ = {isa = PBXFileReference; lastKnownFileType = sourcecode.cpp.cpp; path = kohonen_som.cpp; sourceTree = "<group>"; };
		D1D1EEB5242B823300ABB056 /* libUnit Neurons.a */ = {isa = PBXFileReference; explicitFileType = archive.ar; includeInIndex = 0; path = "libUnit Neurons.a"; sourceTree = BUILT_PRODUCTS_DIR; };
		D1D1EECA242B83F800ABB056 /* Kohonen SOM */ = {isa = PBXFileReference; explicitFileType = "compiled.mach-o.executable"; includeInIndex = 0; path = "Kohonen SOM"; sourceTree = BUILT_PRODUCTS_DIR; };
		D1E0EB3B23FA529C000E3D09 /* input_output.cpp */ = {isa = PBXFileReference; lastKnownFileType = sourcecode.cpp.cpp; path = input_output.cpp; sourceTree = "<group>"; };
		D1E0EB3C23FA529C000E3D09 /* input_output.hpp */ = {isa = PBXFileReference; lastKnownFileType = sourcecode.cpp.h; path = input_output.hpp; sourceTree = "<group>"; };
		D1E5A29B242EF6F700DFD2F7 /* gradient_descent.cpp */ = {isa = PBXFileReference; lastKnownFileType = sourcecode.cpp.cpp; path = gradient_descent.cpp; sourceTree = "<group>"; };
/* End PBXFileReference section */

/* Begin PBXFrameworksBuildPhase section */
		D181976B24303D1300635DE4 /* Frameworks */ = {
			isa = PBXFrameworksBuildPhase;
			buildActionMask = 2147483647;
			files = (
				D181977724303D5E00635DE4 /* libUnit Neurons.a in Frameworks */,
			);
			runOnlyForDeploymentPostprocessing = 0;
		};
		D1D1EEB3242B823300ABB056 /* Frameworks */ = {
			isa = PBXFrameworksBuildPhase;
			buildActionMask = 2147483647;
			files = (
			);
			runOnlyForDeploymentPostprocessing = 0;
		};
		D1D1EEC7242B83F800ABB056 /* Frameworks */ = {
			isa = PBXFrameworksBuildPhase;
			buildActionMask = 2147483647;
			files = (
				D1D1EED3242B842500ABB056 /* libUnit Neurons.a in Frameworks */,
			);
			runOnlyForDeploymentPostprocessing = 0;
		};
/* End PBXFrameworksBuildPhase section */

/* Begin PBXGroup section */
		D123E9D223EDA2EF0025C89F = {
			isa = PBXGroup;
			children = (
				D1D1EE9E242B7C6D00ABB056 /* Examples */,
				D123E9DD23EDA2EF0025C89F /* Unit Neurons */,
				D123E9DC23EDA2EF0025C89F /* Products */,
				D1D1EED2242B842500ABB056 /* Frameworks */,
			);
			sourceTree = "<group>";
		};
		D123E9DC23EDA2EF0025C89F /* Products */ = {
			isa = PBXGroup;
			children = (
				D1D1EEB5242B823300ABB056 /* libUnit Neurons.a */,
				D1D1EECA242B83F800ABB056 /* Kohonen SOM */,
				D181976E24303D1300635DE4 /* Gradient Descent */,
			);
			name = Products;
			sourceTree = "<group>";
		};
		D123E9DD23EDA2EF0025C89F /* Unit Neurons */ = {
			isa = PBXGroup;
			children = (
				D1D1EED4242BA58100ABB056 /* gradient_descent */,
				D1D1EE9D242B7C4100ABB056 /* io */,
				D1D1EE9A242B7B7500ABB056 /* kohonen_som */,
				D123E9E623EDA31F0025C89F /* unit_neuron.hpp */,
			);
			path = "Unit Neurons";
			sourceTree = "<group>";
		};
		D1D1EE9A242B7B7500ABB056 /* kohonen_som */ = {
			isa = PBXGroup;
			children = (
				D17A5EC223F378BF008E31E0 /* float_mapping_neuron.cpp */,
				D17A5EC323F378BF008E31E0 /* kohonen_som.hpp */,
				D1D1EE9B242B7BF700ABB056 /* kohonen_som.cpp */,
			);
			path = kohonen_som;
			sourceTree = "<group>";
		};
		D1D1EE9D242B7C4100ABB056 /* io */ = {
			isa = PBXGroup;
			children = (
				D1E0EB3B23FA529C000E3D09 /* input_output.cpp */,
				D1E0EB3C23FA529C000E3D09 /* input_output.hpp */,
			);
			path = io;
			sourceTree = "<group>";
		};
		D1D1EE9E242B7C6D00ABB056 /* Examples */ = {
			isa = PBXGroup;
			children = (
				D123E9DE23EDA2EF0025C89F /* kohonen_som.cpp */,
				D181977524303D4A00635DE4 /* gradient_descent.cpp */,
			);
			path = Examples;
			sourceTree = "<group>";
		};
		D1D1EED2242B842500ABB056 /* Frameworks */ = {
			isa = PBXGroup;
			children = (
			);
			name = Frameworks;
			sourceTree = "<group>";
		};
		D1D1EED4242BA58100ABB056 /* gradient_descent */ = {
			isa = PBXGroup;
			children = (
				D154CF89242C6B4D00F724AA /* float_gd_ff_neuron.cpp */,
				D1E5A29B242EF6F700DFD2F7 /* gradient_descent.cpp */,
				D154CF8A242C6B4D00F724AA /* gradient_descent.hpp */,
			);
			path = gradient_descent;
			sourceTree = "<group>";
		};
/* End PBXGroup section */

/* Begin PBXHeadersBuildPhase section */
		D1D1EEB1242B823300ABB056 /* Headers */ = {
			isa = PBXHeadersBuildPhase;
			buildActionMask = 2147483647;
			files = (
				D1D1EEC0242B82AD00ABB056 /* input_output.hpp in Headers */,
				D154CF8C242C6B4D00F724AA /* gradient_descent.hpp in Headers */,
				D1D1EEC1242B82AD00ABB056 /* kohonen_som.hpp in Headers */,
				D1D1EEC2242B82AD00ABB056 /* unit_neuron.hpp in Headers */,
			);
			runOnlyForDeploymentPostprocessing = 0;
		};
/* End PBXHeadersBuildPhase section */

/* Begin PBXNativeTarget section */
		D181976D24303D1300635DE4 /* Gradient Descent */ = {
			isa = PBXNativeTarget;
			buildConfigurationList = D181977424303D1300635DE4 /* Build configuration list for PBXNativeTarget "Gradient Descent" */;
			buildPhases = (
				D181976A24303D1300635DE4 /* Sources */,
				D181976B24303D1300635DE4 /* Frameworks */,
				D181976C24303D1300635DE4 /* CopyFiles */,
			);
			buildRules = (
			);
			dependencies = (
			);
			name = "Gradient Descent";
			productName = "Gradient Descent";
			productReference = D181976E24303D1300635DE4 /* Gradient Descent */;
			productType = "com.apple.product-type.tool";
		};
		D1D1EEB4242B823300ABB056 /* Unit Neurons */ = {
			isa = PBXNativeTarget;
			buildConfigurationList = D1D1EEBD242B823300ABB056 /* Build configuration list for PBXNativeTarget "Unit Neurons" */;
			buildPhases = (
				D1D1EEB1242B823300ABB056 /* Headers */,
				D1D1EEB2242B823300ABB056 /* Sources */,
				D1D1EEB3242B823300ABB056 /* Frameworks */,
			);
			buildRules = (
			);
			dependencies = (
			);
			name = "Unit Neurons";
			productName = "Unit Neurons";
			productReference = D1D1EEB5242B823300ABB056 /* libUnit Neurons.a */;
			productType = "com.apple.product-type.library.static";
		};
		D1D1EEC9242B83F800ABB056 /* Kohonen SOM */ = {
			isa = PBXNativeTarget;
			buildConfigurationList = D1D1EECE242B83F800ABB056 /* Build configuration list for PBXNativeTarget "Kohonen SOM" */;
			buildPhases = (
				D1D1EEC6242B83F800ABB056 /* Sources */,
				D1D1EEC7242B83F800ABB056 /* Frameworks */,
				D1D1EEC8242B83F800ABB056 /* CopyFiles */,
			);
			buildRules = (
			);
			dependencies = (
			);
			name = "Kohonen SOM";
			productName = "Kohonen SOM";
			productReference = D1D1EECA242B83F800ABB056 /* Kohonen SOM */;
			productType = "com.apple.product-type.tool";
		};
/* End PBXNativeTarget section */

/* Begin PBXProject section */
		D123E9D323EDA2EF0025C89F /* Project object */ = {
			isa = PBXProject;
			attributes = {
				LastUpgradeCheck = 1110;
				ORGANIZATIONNAME = "Mioto Takahashi";
				TargetAttributes = {
					D181976D24303D1300635DE4 = {
						CreatedOnToolsVersion = 11.1;
					};
					D1D1EEB4242B823300ABB056 = {
						CreatedOnToolsVersion = 11.1;
					};
					D1D1EEC9242B83F800ABB056 = {
						CreatedOnToolsVersion = 11.1;
					};
				};
			};
			buildConfigurationList = D123E9D623EDA2EF0025C89F /* Build configuration list for PBXProject "Unit Neurons" */;
			compatibilityVersion = "Xcode 9.3";
			developmentRegion = en;
			hasScannedForEncodings = 0;
			knownRegions = (
				en,
				Base,
			);
			mainGroup = D123E9D223EDA2EF0025C89F;
			productRefGroup = D123E9DC23EDA2EF0025C89F /* Products */;
			projectDirPath = "";
			projectRoot = "";
			targets = (
				D1D1EEB4242B823300ABB056 /* Unit Neurons */,
				D1D1EEC9242B83F800ABB056 /* Kohonen SOM */,
				D181976D24303D1300635DE4 /* Gradient Descent */,
			);
		};
/* End PBXProject section */

/* Begin PBXSourcesBuildPhase section */
		D181976A24303D1300635DE4 /* Sources */ = {
			isa = PBXSourcesBuildPhase;
			buildActionMask = 2147483647;
			files = (
				D181977624303D4A00635DE4 /* gradient_descent.cpp in Sources */,
			);
			runOnlyForDeploymentPostprocessing = 0;
		};
		D1D1EEB2242B823300ABB056 /* Sources */ = {
			isa = PBXSourcesBuildPhase;
			buildActionMask = 2147483647;
			files = (
				D154CF8B242C6B4D00F724AA /* float_gd_ff_neuron.cpp in Sources */,
				D1D1EEC3242B82C300ABB056 /* input_output.cpp in Sources */,
				D1D1EEC4242B82C300ABB056 /* float_mapping_neuron.cpp in Sources */,
				D1D1EEC5242B82C300ABB056 /* kohonen_som.cpp in Sources */,
				D1E5A29C242EF6F700DFD2F7 /* gradient_descent.cpp in Sources */,
			);
			runOnlyForDeploymentPostprocessing = 0;
		};
		D1D1EEC6242B83F800ABB056 /* Sources */ = {
			isa = PBXSourcesBuildPhase;
			buildActionMask = 2147483647;
			files = (
				D1D1EED1242B840B00ABB056 /* kohonen_som.cpp in Sources */,
			);
			runOnlyForDeploymentPostprocessing = 0;
		};
/* End PBXSourcesBuildPhase section */

/* Begin XCBuildConfiguration section */
		D123E9E023EDA2EF0025C89F /* Debug */ = {
			isa = XCBuildConfiguration;
			buildSettings = {
				ALWAYS_SEARCH_USER_PATHS = NO;
				CLANG_ANALYZER_NONNULL = YES;
				CLANG_ANALYZER_NUMBER_OBJECT_CONVERSION = YES_AGGRESSIVE;
				CLANG_CXX_LANGUAGE_STANDARD = "gnu++14";
				CLANG_CXX_LIBRARY = "libc++";
				CLANG_ENABLE_MODULES = YES;
				CLANG_ENABLE_OBJC_ARC = YES;
				CLANG_ENABLE_OBJC_WEAK = YES;
				CLANG_WARN_BLOCK_CAPTURE_AUTORELEASING = YES;
				CLANG_WARN_BOOL_CONVERSION = YES;
				CLANG_WARN_COMMA = YES;
				CLANG_WARN_CONSTANT_CONVERSION = YES;
				CLANG_WARN_DEPRECATED_OBJC_IMPLEMENTATIONS = YES;
				CLANG_WARN_DIRECT_OBJC_ISA_USAGE = YES_ERROR;
				CLANG_WARN_DOCUMENTATION_COMMENTS = YES;
				CLANG_WARN_EMPTY_BODY = YES;
				CLANG_WARN_ENUM_CONVERSION = YES;
				CLANG_WARN_INFINITE_RECURSION = YES;
				CLANG_WARN_INT_CONVERSION = YES;
				CLANG_WARN_NON_LITERAL_NULL_CONVERSION = YES;
				CLANG_WARN_OBJC_IMPLICIT_RETAIN_SELF = YES;
				CLANG_WARN_OBJC_LITERAL_CONVERSION = YES;
				CLANG_WARN_OBJC_ROOT_CLASS = YES_ERROR;
				CLANG_WARN_RANGE_LOOP_ANALYSIS = YES;
				CLANG_WARN_STRICT_PROTOTYPES = YES;
				CLANG_WARN_SUSPICIOUS_MOVE = YES;
				CLANG_WARN_UNGUARDED_AVAILABILITY = YES_AGGRESSIVE;
				CLANG_WARN_UNREACHABLE_CODE = YES;
				CLANG_WARN__DUPLICATE_METHOD_MATCH = YES;
				COPY_PHASE_STRIP = NO;
				DEBUG_INFORMATION_FORMAT = dwarf;
				ENABLE_STRICT_OBJC_MSGSEND = YES;
				ENABLE_TESTABILITY = YES;
				GCC_C_LANGUAGE_STANDARD = gnu11;
				GCC_DYNAMIC_NO_PIC = NO;
				GCC_NO_COMMON_BLOCKS = YES;
				GCC_OPTIMIZATION_LEVEL = 0;
				GCC_PREPROCESSOR_DEFINITIONS = (
					"DEBUG=1",
					"$(inherited)",
				);
				GCC_WARN_64_TO_32_BIT_CONVERSION = YES;
				GCC_WARN_ABOUT_RETURN_TYPE = YES_ERROR;
				GCC_WARN_UNDECLARED_SELECTOR = YES;
				GCC_WARN_UNINITIALIZED_AUTOS = YES_AGGRESSIVE;
				GCC_WARN_UNUSED_FUNCTION = YES;
				GCC_WARN_UNUSED_VARIABLE = YES;
				MACOSX_DEPLOYMENT_TARGET = 10.14;
				MTL_ENABLE_DEBUG_INFO = INCLUDE_SOURCE;
				MTL_FAST_MATH = YES;
				ONLY_ACTIVE_ARCH = YES;
				SDKROOT = macosx;
			};
			name = Debug;
		};
		D123E9E123EDA2EF0025C89F /* Release */ = {
			isa = XCBuildConfiguration;
			buildSettings = {
				ALWAYS_SEARCH_USER_PATHS = NO;
				CLANG_ANALYZER_NONNULL = YES;
				CLANG_ANALYZER_NUMBER_OBJECT_CONVERSION = YES_AGGRESSIVE;
				CLANG_CXX_LANGUAGE_STANDARD = "gnu++14";
				CLANG_CXX_LIBRARY = "libc++";
				CLANG_ENABLE_MODULES = YES;
				CLANG_ENABLE_OBJC_ARC = YES;
				CLANG_ENABLE_OBJC_WEAK = YES;
				CLANG_WARN_BLOCK_CAPTURE_AUTORELEASING = YES;
				CLANG_WARN_BOOL_CONVERSION = YES;
				CLANG_WARN_COMMA = YES;
				CLANG_WARN_CONSTANT_CONVERSION = YES;
				CLANG_WARN_DEPRECATED_OBJC_IMPLEMENTATIONS = YES;
				CLANG_WARN_DIRECT_OBJC_ISA_USAGE = YES_ERROR;
				CLANG_WARN_DOCUMENTATION_COMMENTS = YES;
				CLANG_WARN_EMPTY_BODY = YES;
				CLANG_WARN_ENUM_CONVERSION = YES;
				CLANG_WARN_INFINITE_RECURSION = YES;
				CLANG_WARN_INT_CONVERSION = YES;
				CLANG_WARN_NON_LITERAL_NULL_CONVERSION = YES;
				CLANG_WARN_OBJC_IMPLICIT_RETAIN_SELF = YES;
				CLANG_WARN_OBJC_LITERAL_CONVERSION = YES;
				CLANG_WARN_OBJC_ROOT_CLASS = YES_ERROR;
				CLANG_WARN_RANGE_LOOP_ANALYSIS = YES;
				CLANG_WARN_STRICT_PROTOTYPES = YES;
				CLANG_WARN_SUSPICIOUS_MOVE = YES;
				CLANG_WARN_UNGUARDED_AVAILABILITY = YES_AGGRESSIVE;
				CLANG_WARN_UNREACHABLE_CODE = YES;
				CLANG_WARN__DUPLICATE_METHOD_MATCH = YES;
				COPY_PHASE_STRIP = NO;
				DEBUG_INFORMATION_FORMAT = "dwarf-with-dsym";
				ENABLE_NS_ASSERTIONS = NO;
				ENABLE_STRICT_OBJC_MSGSEND = YES;
				GCC_C_LANGUAGE_STANDARD = gnu11;
				GCC_NO_COMMON_BLOCKS = YES;
				GCC_WARN_64_TO_32_BIT_CONVERSION = YES;
				GCC_WARN_ABOUT_RETURN_TYPE = YES_ERROR;
				GCC_WARN_UNDECLARED_SELECTOR = YES;
				GCC_WARN_UNINITIALIZED_AUTOS = YES_AGGRESSIVE;
				GCC_WARN_UNUSED_FUNCTION = YES;
				GCC_WARN_UNUSED_VARIABLE = YES;
				MACOSX_DEPLOYMENT_TARGET = 10.14;
				MTL_ENABLE_DEBUG_INFO = NO;
				MTL_FAST_MATH = YES;
				SDKROOT = macosx;
			};
			name = Release;
		};
		D181977224303D1300635DE4 /* Debug */ = {
			isa = XCBuildConfiguration;
			buildSettings = {
				CODE_SIGN_STYLE = Automatic;
				PRODUCT_NAME = "$(TARGET_NAME)";
			};
			name = Debug;
		};
		D181977324303D1300635DE4 /* Release */ = {
			isa = XCBuildConfiguration;
			buildSettings = {
				CODE_SIGN_STYLE = Automatic;
				PRODUCT_NAME = "$(TARGET_NAME)";
			};
			name = Release;
		};
		D1D1EEBE242B823300ABB056 /* Debug */ = {
			isa = XCBuildConfiguration;
			buildSettings = {
				CODE_SIGN_STYLE = Automatic;
				EXECUTABLE_PREFIX = lib;
				GCC_ENABLE_CPP_EXCEPTIONS = YES;
				GCC_ENABLE_CPP_RTTI = YES;
				PRODUCT_NAME = "$(TARGET_NAME)";
				SKIP_INSTALL = YES;
			};
			name = Debug;
		};
		D1D1EEBF242B823300ABB056 /* Release */ = {
			isa = XCBuildConfiguration;
			buildSettings = {
				CODE_SIGN_STYLE = Automatic;
				EXECUTABLE_PREFIX = lib;
				GCC_ENABLE_CPP_EXCEPTIONS = YES;
				GCC_ENABLE_CPP_RTTI = YES;
				PRODUCT_NAME = "$(TARGET_NAME)";
				SKIP_INSTALL = YES;
			};
			name = Release;
		};
		D1D1EECF242B83F800ABB056 /* Debug */ = {
			isa = XCBuildConfiguration;
			buildSettings = {
				CODE_SIGN_STYLE = Automatic;
				PRODUCT_NAME = "$(TARGET_NAME)";
			};
			name = Debug;
		};
		D1D1EED0242B83F800ABB056 /* Release */ = {
			isa = XCBuildConfiguration;
			buildSettings = {
				CODE_SIGN_STYLE = Automatic;
				PRODUCT_NAME = "$(TARGET_NAME)";
			};
			name = Release;
		};
/* End XCBuildConfiguration section */

/* Begin XCConfigurationList section */
		D123E9D623EDA2EF0025C89F /* Build configuration list for PBXProject "Unit Neurons" */ = {
			isa = XCConfigurationList;
			buildConfigurations = (
				D123E9E023EDA2EF0025C89F /* Debug */,
				D123E9E123EDA2EF0025C89F /* Release */,
			);
			defaultConfigurationIsVisible = 0;
			defaultConfigurationName = Release;
		};
		D181977424303D1300635DE4 /* Build configuration list for PBXNativeTarget "Gradient Descent" */ = {
			isa = XCConfigurationList;
			buildConfigurations = (
				D181977224303D1300635DE4 /* Debug */,
				D181977324303D1300635DE4 /* Release */,
			);
			defaultConfigurationIsVisible = 0;
			defaultConfigurationName = Release;
		};
		D1D1EEBD242B823300ABB056 /* Build configuration list for PBXNativeTarget "Unit Neurons" */ = {
			isa = XCConfigurationList;
			buildConfigurations = (
				D1D1EEBE242B823300ABB056 /* Debug */,
				D1D1EEBF242B823300ABB056 /* Release */,
			);
			defaultConfigurationIsVisible = 0;
			defaultConfigurationName = Release;
		};
		D1D1EECE242B83F800ABB056 /* Build configuration list for PBXNativeTarget "Kohonen SOM" */ = {
			isa = XCConfigurationList;
			buildConfigurations = (
				D1D1EECF242B83F800ABB056 /* Debug */,
				D1D1EED0242B83F800ABB056 /* Release */,
			);
			defaultConfigurationIsVisible = 0;
			defaultConfigurationName = Release;
		};
/* End XCConfigurationList section */
	};
	rootObject = D123E9D323EDA2EF0025C89F /* Project object */;
}
